<?xml version="1.0" encoding="utf-8"?>
<Project ToolsVersion="4.0" xmlns="http://schemas.microsoft.com/developer/msbuild/2003">
  <ItemGroup>
    <Filter Include="Source Files">
      <UniqueIdentifier>{4FC737F1-C7A5-4376-A066-2A32D752A2FF}</UniqueIdentifier>
      <Extensions>cpp;c;cc;cxx;def;odl;idl;hpj;bat;asm;asmx</Extensions>
    </Filter>
    <Filter Include="Header Files">
      <UniqueIdentifier>{93995380-89BD-4b04-88EB-625FBE52EBFB}</UniqueIdentifier>
      <Extensions>h;hh;hpp;hxx;hm;inl;inc;xsd</Extensions>
    </Filter>
    <Filter Include="Resource Files">
      <UniqueIdentifier>{67DA6AB6-F800-4c08-8B7A-83BB121AAD01}</UniqueIdentifier>
      <Extensions>rc;ico;cur;bmp;dlg;rc2;rct;bin;rgs;gif;jpg;jpeg;jpe;resx;tiff;tif;png;wav;mfcribbon-ms</Extensions>
    </Filter>
  </ItemGroup>
  <ItemGroup>
    <ClInclude Include="Resource.h">
      <Filter>Header Files</Filter>
    </ClInclude>
    <ClInclude Include="..\3RVX\TinyXml2\tinyxml2.h">
      <Filter>Header Files</Filter>
    </ClInclude>
    <ClInclude Include="..\3RVX\Logger.h">
      <Filter>Header Files</Filter>
    </ClInclude>
    <ClInclude Include="SettingsUI.h">
      <Filter>Header Files</Filter>
    </ClInclude>
    <ClInclude Include="..\3RVX\Settings.h">
      <Filter>Header Files</Filter>
    </ClInclude>
    <ClInclude Include="..\3RVX\HotkeyInfo.h">
      <Filter>Header Files</Filter>
    </ClInclude>
    <ClInclude Include="..\3RVX\StringUtils.h">
      <Filter>Header Files</Filter>
    </ClInclude>
    <ClInclude Include="..\3RVX\HotkeyManager.h">
      <Filter>Header Files</Filter>
    </ClInclude>
    <ClInclude Include="..\3RVX\MeterWnd\Animations\AnimationTypes.h">
      <Filter>Header Files</Filter>
    </ClInclude>
    <ClInclude Include="..\3RVX\Error.h">
      <Filter>Header Files</Filter>
    </ClInclude>
    <ClInclude Include="..\3RVX\DisplayManager.h">
      <Filter>Header Files</Filter>
    </ClInclude>
    <ClInclude Include="Controls\Controls.h">
      <Filter>Header Files</Filter>
    </ClInclude>
    <ClInclude Include="Controls\Control.h">
      <Filter>Header Files</Filter>
    </ClInclude>
    <ClInclude Include="Controls\Button.h">
      <Filter>Header Files</Filter>
    </ClInclude>
    <ClInclude Include="Controls\Checkbox.h">
      <Filter>Header Files</Filter>
    </ClInclude>
    <ClInclude Include="Controls\ComboBox.h">
      <Filter>Header Files</Filter>
    </ClInclude>
    <ClInclude Include="Controls\Label.h">
      <Filter>Header Files</Filter>
    </ClInclude>
    <ClInclude Include="Controls\Spinner.h">
      <Filter>Header Files</Filter>
    </ClInclude>
    <ClInclude Include="Controls\EditBox.h">
      <Filter>Header Files</Filter>
    </ClInclude>
    <ClInclude Include="targetver.h">
      <Filter>Header Files</Filter>
    </ClInclude>
    <ClInclude Include="..\3RVX\LanguageTranslator.h">
      <Filter>Header Files</Filter>
    </ClInclude>
    <ClInclude Include="Controls\ListView.h">
      <Filter>Header Files</Filter>
    </ClInclude>
    <ClInclude Include="Controls\GroupBox.h">
      <Filter>Header Files</Filter>
    </ClInclude>
    <ClInclude Include="UITranslator.h">
      <Filter>Header Files</Filter>
    </ClInclude>
    <ClInclude Include="Tabs\Display.h">
      <Filter>Header Files</Filter>
    </ClInclude>
    <ClInclude Include="Tabs\General.h">
      <Filter>Header Files</Filter>
    </ClInclude>
    <ClInclude Include="Tabs\HotkeyPrompt.h">
      <Filter>Header Files</Filter>
    </ClInclude>
    <ClInclude Include="Tabs\Hotkeys.h">
      <Filter>Header Files</Filter>
    </ClInclude>
    <ClInclude Include="Tabs\KeyGrabber.h">
      <Filter>Header Files</Filter>
    </ClInclude>
    <ClInclude Include="..\3RVX\SyntheticKeyboard.h">
      <Filter>Header Files</Filter>
    </ClInclude>
    <ClInclude Include="..\3RVX\3RVX.h">
      <Filter>Header Files</Filter>
    </ClInclude>
    <ClInclude Include="Tabs\About.h">
      <Filter>Header Files</Filter>
    </ClInclude>
    <ClInclude Include="..\3RVX\CommCtl.h">
      <Filter>Header Files</Filter>
    </ClInclude>
    <ClInclude Include="..\3RVX\Skin\SkinInfo.h">
      <Filter>Header Files</Filter>
    </ClInclude>
    <ClInclude Include="..\3RVX\NotifyIcon.h">
      <Filter>Header Files</Filter>
    </ClInclude>
    <ClInclude Include="..\3RVX\Window.h">
      <Filter>Header Files</Filter>
    </ClInclude>
    <ClInclude Include="Updater\UpdaterWindow.h">
      <Filter>Header Files</Filter>
    </ClInclude>
    <ClInclude Include="Updater\Updater.h">
      <Filter>Header Files</Filter>
    </ClInclude>
    <ClInclude Include="Updater\Version.h">
      <Filter>Header Files</Filter>
    </ClInclude>
    <ClInclude Include="Updater\ProgressWindow.h">
      <Filter>Header Files</Filter>
    </ClInclude>
    <ClInclude Include="Controls\Dialog.h">
      <Filter>Header Files</Filter>
    </ClInclude>
    <ClInclude Include="Controls\ProgressBar.h">
      <Filter>Header Files</Filter>
    </ClInclude>
    <ClInclude Include="Controls\StatusCallback.h">
      <Filter>Header Files</Filter>
    </ClInclude>
    <ClInclude Include="Tabs\OSD.h">
      <Filter>Header Files</Filter>
    </ClInclude>
    <ClInclude Include="Tabs\SettingsTab.h">
      <Filter>Header Files</Filter>
    </ClInclude>
    <ClInclude Include="Controls\TabPage.h">
      <Filter>Header Files</Filter>
    </ClInclude>
    <ClInclude Include="Controls\DialogBase.h">
      <Filter>Header Files</Filter>
    </ClInclude>
    <ClInclude Include="Controls\ListBox.h">
      <Filter>Header Files</Filter>
    </ClInclude>
    <ClInclude Include="Controls\Slider.h">
      <Filter>Header Files</Filter>
    </ClInclude>
  </ItemGroup>
  <ItemGroup>
    <ClCompile Include="..\3RVX\TinyXml2\tinyxml2.cpp">
      <Filter>Source Files</Filter>
    </ClCompile>
    <ClCompile Include="..\3RVX\Logger.cpp">
      <Filter>Source Files</Filter>
    </ClCompile>
    <ClCompile Include="SettingsUI.cpp">
      <Filter>Source Files</Filter>
    </ClCompile>
    <ClCompile Include="..\3RVX\Settings.cpp">
      <Filter>Source Files</Filter>
    </ClCompile>
    <ClCompile Include="..\3RVX\HotkeyInfo.cpp">
      <Filter>Source Files</Filter>
    </ClCompile>
    <ClCompile Include="..\3RVX\StringUtils.cpp">
      <Filter>Source Files</Filter>
    </ClCompile>
    <ClCompile Include="..\3RVX\HotkeyManager.cpp">
      <Filter>Source Files</Filter>
    </ClCompile>
    <ClCompile Include="..\3RVX\MeterWnd\Animations\AnimationTypes.cpp">
      <Filter>Source Files</Filter>
    </ClCompile>
    <ClCompile Include="..\3RVX\Error.cpp">
      <Filter>Source Files</Filter>
    </ClCompile>
    <ClCompile Include="..\3RVX\DisplayManager.cpp">
      <Filter>Source Files</Filter>
    </ClCompile>
    <ClCompile Include="Controls\Control.cpp">
      <Filter>Source Files</Filter>
    </ClCompile>
    <ClCompile Include="Controls\Button.cpp">
      <Filter>Source Files</Filter>
    </ClCompile>
    <ClCompile Include="Controls\Checkbox.cpp">
      <Filter>Source Files</Filter>
    </ClCompile>
    <ClCompile Include="Controls\ComboBox.cpp">
      <Filter>Source Files</Filter>
    </ClCompile>
    <ClCompile Include="Controls\Spinner.cpp">
      <Filter>Source Files</Filter>
    </ClCompile>
    <ClCompile Include="..\3RVX\LanguageTranslator.cpp">
      <Filter>Source Files</Filter>
    </ClCompile>
    <ClCompile Include="Controls\ListView.cpp">
      <Filter>Source Files</Filter>
    </ClCompile>
    <ClCompile Include="Controls\EditBox.cpp">
      <Filter>Source Files</Filter>
    </ClCompile>
    <ClCompile Include="UITranslator.cpp">
      <Filter>Source Files</Filter>
    </ClCompile>
    <ClCompile Include="Tabs\Display.cpp">
      <Filter>Source Files</Filter>
    </ClCompile>
    <ClCompile Include="Tabs\General.cpp">
      <Filter>Source Files</Filter>
    </ClCompile>
    <ClCompile Include="Tabs\HotkeyPrompt.cpp">
      <Filter>Source Files</Filter>
    </ClCompile>
    <ClCompile Include="Tabs\Hotkeys.cpp">
      <Filter>Source Files</Filter>
    </ClCompile>
    <ClCompile Include="Tabs\KeyGrabber.cpp">
      <Filter>Source Files</Filter>
    </ClCompile>
    <ClCompile Include="..\3RVX\SyntheticKeyboard.cpp">
      <Filter>Source Files</Filter>
    </ClCompile>
    <ClCompile Include="Tabs\About.cpp">
      <Filter>Source Files</Filter>
    </ClCompile>
    <ClCompile Include="..\3RVX\3RVXConsts.cpp">
      <Filter>Source Files</Filter>
    </ClCompile>
    <ClCompile Include="..\3RVX\Skin\SkinInfo.cpp">
      <Filter>Source Files</Filter>
    </ClCompile>
    <ClCompile Include="..\3RVX\NotifyIcon.cpp">
      <Filter>Source Files</Filter>
    </ClCompile>
    <ClCompile Include="..\3RVX\Window.cpp">
      <Filter>Source Files</Filter>
    </ClCompile>
    <ClCompile Include="Updater\Updater.cpp">
      <Filter>Source Files</Filter>
    </ClCompile>
    <ClCompile Include="Updater\UpdaterWindow.cpp">
      <Filter>Source Files</Filter>
    </ClCompile>
    <ClCompile Include="Controls\Dialog.cpp">
      <Filter>Source Files</Filter>
    </ClCompile>
    <ClCompile Include="Controls\StatusCallback.cpp">
      <Filter>Source Files</Filter>
    </ClCompile>
    <ClCompile Include="Controls\ProgressBar.cpp">
      <Filter>Source Files</Filter>
    </ClCompile>
    <ClCompile Include="Updater\ProgressWindow.cpp">
      <Filter>Source Files</Filter>
    </ClCompile>
    <ClCompile Include="Tabs\OSD.cpp">
      <Filter>Source Files</Filter>
    </ClCompile>
    <ClCompile Include="Tabs\SettingsTab.cpp">
      <Filter>Source Files</Filter>
    </ClCompile>
    <ClCompile Include="Controls\TabPage.cpp">
      <Filter>Source Files</Filter>
    </ClCompile>
    <ClCompile Include="Controls\DialogBase.cpp">
      <Filter>Source Files</Filter>
    </ClCompile>
    <ClCompile Include="Controls\ListBox.cpp">
      <Filter>Source Files</Filter>
    </ClCompile>
    <ClCompile Include="Controls\Slider.cpp">
      <Filter>Source Files</Filter>
    </ClCompile>
    <ClCompile Include="Controls\GroupBox.cpp">
      <Filter>Source Files</Filter>
    </ClCompile>
  </ItemGroup>
  <ItemGroup>
    <ResourceCompile Include="Settings.rc">
      <Filter>Resource Files</Filter>
    </ResourceCompile>
  </ItemGroup>
  <ItemGroup>
    <Image Include="small.ico">
      <Filter>Resource Files</Filter>
    </Image>
    <Image Include="Settings.ico">
      <Filter>Resource Files</Filter>
    </Image>
    <Image Include="..\Assets\settings_icon.ico">
      <Filter>Resource Files</Filter>
    </Image>
    <Image Include="..\Assets\main_icon.ico">
      <Filter>Resource Files</Filter>
    </Image>
  </ItemGroup>
  <ItemGroup>
    <Xml Include="..\3RVX\Settings.xml" />
  </ItemGroup>
</Project>