<?xml version="1.0" encoding="utf-8"?>
<Project ToolsVersion="4.0" xmlns="http://schemas.microsoft.com/developer/msbuild/2003">
  <ItemGroup>
    <Filter Include="Source Files">
      <UniqueIdentifier>{4FC737F1-C7A5-4376-A066-2A32D752A2FF}</UniqueIdentifier>
      <Extensions>cpp;c;cc;cxx;def;odl;idl;hpj;bat;asm;asmx</Extensions>
    </Filter>
    <Filter Include="Header Files">
      <UniqueIdentifier>{93995380-89BD-4b04-88EB-625FBE52EBFB}</UniqueIdentifier>
      <Extensions>h;hh;hpp;hxx;hm;inl;inc;xsd</Extensions>
    </Filter>
    <Filter Include="Resource Files">
      <UniqueIdentifier>{67DA6AB6-F800-4c08-8B7A-83BB121AAD01}</UniqueIdentifier>
      <Extensions>rc;ico;cur;bmp;dlg;rc2;rct;bin;rgs;gif;jpg;jpeg;jpe;resx;tiff;tif;png;wav;mfcribbon-ms</Extensions>
    </Filter>
  </ItemGroup>
  <ItemGroup>
    <ClInclude Include="Controllers\Volume\CoreAudio.h">
      <Filter>Header Files</Filter>
    </ClInclude>
    <ClInclude Include="3RVX.h">
      <Filter>Header Files</Filter>
    </ClInclude>
    <ClInclude Include="HotkeyManager.h">
      <Filter>Header Files</Filter>
    </ClInclude>
    <ClInclude Include="MeterWnd\Meter.h">
      <Filter>Header Files</Filter>
    </ClInclude>
    <ClInclude Include="MeterWnd\Meters\HorizontalBar.h">
      <Filter>Header Files</Filter>
    </ClInclude>
    <ClInclude Include="MeterWnd\MeterWnd.h">
      <Filter>Header Files</Filter>
    </ClInclude>
    <ClInclude Include="MeterWnd\Meters\HorizontalEndcap.h">
      <Filter>Header Files</Filter>
    </ClInclude>
    <ClInclude Include="Logger.h">
      <Filter>Header Files</Filter>
    </ClInclude>
    <ClInclude Include="MeterWnd\Meters\MeterTypes.h">
      <Filter>Header Files</Filter>
    </ClInclude>
    <ClInclude Include="TinyXml2\tinyxml2.h">
      <Filter>Header Files</Filter>
    </ClInclude>
    <ClInclude Include="MeterWnd\Meters\HorizontalTile.h">
      <Filter>Header Files</Filter>
    </ClInclude>
    <ClInclude Include="Skin.h">
      <Filter>Header Files</Filter>
    </ClInclude>
    <ClInclude Include="MeterWnd\Meters\Bitstrip.h">
      <Filter>Header Files</Filter>
    </ClInclude>
    <ClInclude Include="MeterWnd\Meters\NumberStrip.h">
      <Filter>Header Files</Filter>
    </ClInclude>
    <ClInclude Include="Monitor.h">
      <Filter>Header Files</Filter>
    </ClInclude>
    <ClInclude Include="MeterWnd\Animation.h">
      <Filter>Header Files</Filter>
    </ClInclude>
    <ClInclude Include="MeterWnd\Animations\FadeOut.h">
      <Filter>Header Files</Filter>
    </ClInclude>
    <ClInclude Include="Settings.h">
      <Filter>Header Files</Filter>
    </ClInclude>
    <ClInclude Include="StringUtils.h">
      <Filter>Header Files</Filter>
    </ClInclude>
    <ClInclude Include="Controllers\Volume\VolumeController.h">
      <Filter>Header Files</Filter>
    </ClInclude>
    <ClInclude Include="MeterWnd\Meters\Text.h">
      <Filter>Header Files</Filter>
    </ClInclude>
    <ClInclude Include="MeterWnd\Meters\VerticalTile.h">
      <Filter>Header Files</Filter>
    </ClInclude>
    <ClInclude Include="SkinInfo.h">
      <Filter>Header Files</Filter>
    </ClInclude>
    <ClInclude Include="NotifyIcon.h">
      <Filter>Header Files</Filter>
    </ClInclude>
    <ClInclude Include="OSD\OSD.h">
      <Filter>Header Files</Filter>
    </ClInclude>
    <ClInclude Include="OSD\EjectOSD.h">
      <Filter>Header Files</Filter>
    </ClInclude>
    <ClInclude Include="OSD\VolumeOSD.h">
      <Filter>Header Files</Filter>
    </ClInclude>
    <ClInclude Include="OSD\OSDType.h">
      <Filter>Header Files</Filter>
    </ClInclude>
    <ClInclude Include="MeterWnd\Meters\StaticImage.h">
      <Filter>Header Files</Filter>
    </ClInclude>
    <ClInclude Include="Error.h">
      <Filter>Header Files</Filter>
    </ClInclude>
    <ClInclude Include="Slider\SliderWnd.h">
      <Filter>Header Files</Filter>
    </ClInclude>
    <ClInclude Include="Slider\SliderKnob.h">
      <Filter>Header Files</Filter>
    </ClInclude>
    <ClInclude Include="Slider\VolumeSlider.h">
      <Filter>Header Files</Filter>
    </ClInclude>
    <ClInclude Include="MeterWnd\Meters\VerticalBar.h">
      <Filter>Header Files</Filter>
    </ClInclude>
    <ClInclude Include="SoundPlayer.h">
      <Filter>Header Files</Filter>
    </ClInclude>
    <ClInclude Include="HotkeyInfo.h">
      <Filter>Header Files</Filter>
    </ClInclude>
    <ClInclude Include="resource.h">
      <Filter>Header Files</Filter>
    </ClInclude>
    <ClInclude Include="MeterWnd\Meters\CallbackMeter.h">
      <Filter>Header Files</Filter>
    </ClInclude>
    <ClInclude Include="MeterWnd\MeterCallbackReceiver.h">
      <Filter>Header Files</Filter>
    </ClInclude>
    <ClInclude Include="SkinManager.h">
      <Filter>Header Files</Filter>
    </ClInclude>
    <ClInclude Include="DisplayManager.h">
      <Filter>Header Files</Filter>
    </ClInclude>
    <ClInclude Include="MeterWnd\Animations\AnimationTypes.h">
      <Filter>Header Files</Filter>
    </ClInclude>
    <ClInclude Include="MeterWnd\AnimationFactory.h">
      <Filter>Header Files</Filter>
    </ClInclude>
    <ClInclude Include="MeterWnd\LayeredWnd.h">
      <Filter>Header Files</Filter>
    </ClInclude>
    <ClInclude Include="MediaKeys.h">
      <Filter>Header Files</Filter>
    </ClInclude>
    <ClInclude Include="HotkeyProcessor.h">
      <Filter>Header Files</Filter>
    </ClInclude>
    <ClInclude Include="LanguageTranslator.h">
      <Filter>Header Files</Filter>
    </ClInclude>
    <ClInclude Include="Updater.h">
      <Filter>Header Files</Filter>
    </ClInclude>
    <ClInclude Include="SyntheticKeyboard.h">
      <Filter>Header Files</Filter>
    </ClInclude>
  </ItemGroup>
  <ItemGroup>
    <ClCompile Include="Controllers\Volume\CoreAudio.cpp">
      <Filter>Source Files</Filter>
    </ClCompile>
    <ClCompile Include="3RVX.cpp">
      <Filter>Source Files</Filter>
    </ClCompile>
    <ClCompile Include="HotkeyManager.cpp">
      <Filter>Source Files</Filter>
    </ClCompile>
    <ClCompile Include="MeterWnd\Meter.cpp">
      <Filter>Source Files</Filter>
    </ClCompile>
    <ClCompile Include="MeterWnd\Meters\HorizontalBar.cpp">
      <Filter>Source Files</Filter>
    </ClCompile>
    <ClCompile Include="MeterWnd\MeterWnd.cpp">
      <Filter>Source Files</Filter>
    </ClCompile>
    <ClCompile Include="MeterWnd\Meters\HorizontalEndcap.cpp">
      <Filter>Source Files</Filter>
    </ClCompile>
    <ClCompile Include="Logger.cpp">
      <Filter>Source Files</Filter>
    </ClCompile>
    <ClCompile Include="TinyXml2\tinyxml2.cpp">
      <Filter>Source Files</Filter>
    </ClCompile>
    <ClCompile Include="MeterWnd\Meters\HorizontalTile.cpp">
      <Filter>Source Files</Filter>
    </ClCompile>
    <ClCompile Include="Skin.cpp">
      <Filter>Source Files</Filter>
    </ClCompile>
    <ClCompile Include="MeterWnd\Meters\Bitstrip.cpp">
      <Filter>Source Files</Filter>
    </ClCompile>
    <ClCompile Include="MeterWnd\Meters\NumberStrip.cpp">
      <Filter>Source Files</Filter>
    </ClCompile>
    <ClCompile Include="MeterWnd\Animations\FadeOut.cpp">
      <Filter>Source Files</Filter>
    </ClCompile>
    <ClCompile Include="StringUtils.cpp">
      <Filter>Source Files</Filter>
    </ClCompile>
    <ClCompile Include="Settings.cpp">
      <Filter>Source Files</Filter>
    </ClCompile>
    <ClCompile Include="MeterWnd\Meters\Text.cpp">
      <Filter>Source Files</Filter>
    </ClCompile>
    <ClCompile Include="MeterWnd\Meters\VerticalTile.cpp">
      <Filter>Source Files</Filter>
    </ClCompile>
    <ClCompile Include="SkinInfo.cpp">
      <Filter>Source Files</Filter>
    </ClCompile>
    <ClCompile Include="NotifyIcon.cpp">
      <Filter>Source Files</Filter>
    </ClCompile>
    <ClCompile Include="OSD\OSD.cpp">
      <Filter>Source Files</Filter>
    </ClCompile>
    <ClCompile Include="OSD\EjectOSD.cpp">
      <Filter>Source Files</Filter>
    </ClCompile>
    <ClCompile Include="OSD\VolumeOSD.cpp">
      <Filter>Source Files</Filter>
    </ClCompile>
    <ClCompile Include="MeterWnd\Meters\StaticImage.cpp">
      <Filter>Source Files</Filter>
    </ClCompile>
    <ClCompile Include="Slider\SliderWnd.cpp">
      <Filter>Source Files</Filter>
    </ClCompile>
    <ClCompile Include="Slider\VolumeSlider.cpp">
      <Filter>Source Files</Filter>
    </ClCompile>
    <ClCompile Include="Slider\SliderKnob.cpp">
      <Filter>Source Files</Filter>
    </ClCompile>
    <ClCompile Include="MeterWnd\Meters\VerticalBar.cpp">
      <Filter>Source Files</Filter>
    </ClCompile>
    <ClCompile Include="SoundPlayer.cpp">
      <Filter>Source Files</Filter>
    </ClCompile>
    <ClCompile Include="HotkeyInfo.cpp">
      <Filter>Source Files</Filter>
    </ClCompile>
    <ClCompile Include="MeterWnd\Meters\CallbackMeter.cpp">
      <Filter>Source Files</Filter>
    </ClCompile>
    <ClCompile Include="SkinManager.cpp">
      <Filter>Source Files</Filter>
    </ClCompile>
    <ClCompile Include="DisplayManager.cpp">
      <Filter>Source Files</Filter>
    </ClCompile>
    <ClCompile Include="MeterWnd\Animations\AnimationTypes.cpp">
      <Filter>Source Files</Filter>
    </ClCompile>
    <ClCompile Include="MeterWnd\AnimationFactory.cpp">
      <Filter>Source Files</Filter>
    </ClCompile>
    <ClCompile Include="MeterWnd\LayeredWnd.cpp">
      <Filter>Source Files</Filter>
    </ClCompile>
    <ClCompile Include="MediaKeys.cpp">
      <Filter>Source Files</Filter>
    </ClCompile>
    <ClCompile Include="Error.cpp">
      <Filter>Source Files</Filter>
    </ClCompile>
    <ClCompile Include="LanguageTranslator.cpp">
      <Filter>Source Files</Filter>
    </ClCompile>
    <ClCompile Include="Updater.cpp">
      <Filter>Source Files</Filter>
    </ClCompile>
    <ClCompile Include="SyntheticKeyboard.cpp">
      <Filter>Source Files</Filter>
    </ClCompile>
  </ItemGroup>
  <ItemGroup>
    <ResourceCompile Include="3RVX.rc">
      <Filter>Resource Files</Filter>
    </ResourceCompile>
  </ItemGroup>
  <ItemGroup>
    <Image Include="..\Assets\main_icon.ico">
      <Filter>Resource Files</Filter>
    </Image>
  </ItemGroup>
</Project>